
Microsoft Visual Studio Solution File, Format Version 12.00
# Visual Studio Version 17
VisualStudioVersion = 17.8.34309.116
MinimumVisualStudioVersion = 10.0.40219.1
Project("{9A19103F-16F7-4668-BE54-9A1E7A4F7556}") = "NetworkUtility", "NetworkUtility\NetworkUtility.csproj", "{488F4A32-8DEC-4A7F-A164-EA8A22D1999F}"
EndProject
Project("{FAE04EC0-301F-11D3-BF4B-00C04F79EFBC}") = "NetworkUtility.Tests", "NetworkUtility.Tests\NetworkUtility.Tests.csproj", "{156ECF3F-66F1-4F2E-978E-73F55BE2CD57}"
EndProject
Global
	GlobalSection(SolutionConfigurationPlatforms) = preSolution
		Debug|Any CPU = Debug|Any CPU
		Release|Any CPU = Release|Any CPU
	EndGlobalSection
	GlobalSection(ProjectConfigurationPlatforms) = postSolution
		{488F4A32-8DEC-4A7F-A164-EA8A22D1999F}.Debug|Any CPU.ActiveCfg = Debug|Any CPU
		{488F4A32-8DEC-4A7F-A164-EA8A22D1999F}.Debug|Any CPU.Build.0 = Debug|Any CPU
		{488F4A32-8DEC-4A7F-A164-EA8A22D1999F}.Release|Any CPU.ActiveCfg = Release|Any CPU
		{488F4A32-8DEC-4A7F-A164-EA8A22D1999F}.Release|Any CPU.Build.0 = Release|Any CPU
		{156ECF3F-66F1-4F2E-978E-73F55BE2CD57}.Debug|Any CPU.ActiveCfg = Debug|Any CPU
		{156ECF3F-66F1-4F2E-978E-73F55BE2CD57}.Debug|Any CPU.Build.0 = Debug|Any CPU
		{156ECF3F-66F1-4F2E-978E-73F55BE2CD57}.Release|Any CPU.ActiveCfg = Release|Any CPU
		{156ECF3F-66F1-4F2E-978E-73F55BE2CD57}.Release|Any CPU.Build.0 = Release|Any CPU
	EndGlobalSection
	GlobalSection(SolutionProperties) = preSolution
		HideSolutionNode = FALSE
	EndGlobalSection
	GlobalSection(ExtensibilityGlobals) = postSolution
		SolutionGuid = {2B9203ED-6FF3-4212-B088-8C3F596595B2}
	EndGlobalSection
EndGlobal
